
Microsoft Visual Studio Solution File, Format Version 12.00
Project("{FAE04EC0-301F-11D3-BF4B-00C04F79EFBC}") = "TicTacToeService", "TicTacToeService\TicTacToeService.csproj", "{C70E0B43-6652-4383-BBDD-7A28DF5D3B75}"
EndProject
Global
	GlobalSection(SolutionConfigurationPlatforms) = preSolution
		Debug|Any CPU = Debug|Any CPU
		Release|Any CPU = Release|Any CPU
	EndGlobalSection
	GlobalSection(ProjectConfigurationPlatforms) = postSolution
		{C70E0B43-6652-4383-BBDD-7A28DF5D3B75}.Debug|Any CPU.ActiveCfg = Debug|Any CPU
		{C70E0B43-6652-4383-BBDD-7A28DF5D3B75}.Debug|Any CPU.Build.0 = Debug|Any CPU
		{C70E0B43-6652-4383-BBDD-7A28DF5D3B75}.Release|Any CPU.ActiveCfg = Release|Any CPU
		{C70E0B43-6652-4383-BBDD-7A28DF5D3B75}.Release|Any CPU.Build.0 = Release|Any CPU
	EndGlobalSection
EndGlobal
